
Microsoft Visual Studio Solution File, Format Version 12.00
# Visual Studio Version 17
VisualStudioVersion = 17.1.32407.343
MinimumVisualStudioVersion = 10.0.40219.1
Project("{FAE04EC0-301F-11D3-BF4B-00C04F79EFBC}") = "CYsearch4", "CYsearch4\CYsearch4.csproj", "{E92F7DBC-C91A-44AA-AAE9-259DD82518D0}"
EndProject
Global
	GlobalSection(SolutionConfigurationPlatforms) = preSolution
		Debug|Any CPU = Debug|Any CPU
		Debug|x64 = Debug|x64
		Debug|x86 = Debug|x86
		Release|Any CPU = Release|Any CPU
		Release|x64 = Release|x64
		Release|x86 = Release|x86
	EndGlobalSection
	GlobalSection(ProjectConfigurationPlatforms) = postSolution
		{E92F7DBC-C91A-44AA-AAE9-259DD82518D0}.Debug|Any CPU.ActiveCfg = Debug|Any CPU
		{E92F7DBC-C91A-44AA-AAE9-259DD82518D0}.Debug|Any CPU.Build.0 = Debug|Any CPU
		{E92F7DBC-C91A-44AA-AAE9-259DD82518D0}.Debug|x64.ActiveCfg = Debug|x64
		{E92F7DBC-C91A-44AA-AAE9-259DD82518D0}.Debug|x64.Build.0 = Debug|x64
		{E92F7DBC-C91A-44AA-AAE9-259DD82518D0}.Debug|x86.ActiveCfg = Debug|x86
		{E92F7DBC-C91A-44AA-AAE9-259DD82518D0}.Debug|x86.Build.0 = Debug|x86
		{E92F7DBC-C91A-44AA-AAE9-259DD82518D0}.Release|Any CPU.ActiveCfg = Release|Any CPU
		{E92F7DBC-C91A-44AA-AAE9-259DD82518D0}.Release|Any CPU.Build.0 = Release|Any CPU
		{E92F7DBC-C91A-44AA-AAE9-259DD82518D0}.Release|x64.ActiveCfg = Release|x64
		{E92F7DBC-C91A-44AA-AAE9-259DD82518D0}.Release|x64.Build.0 = Release|x64
		{E92F7DBC-C91A-44AA-AAE9-259DD82518D0}.Release|x86.ActiveCfg = Release|x86
		{E92F7DBC-C91A-44AA-AAE9-259DD82518D0}.Release|x86.Build.0 = Release|x86
	EndGlobalSection
	GlobalSection(SolutionProperties) = preSolution
		HideSolutionNode = FALSE
	EndGlobalSection
	GlobalSection(ExtensibilityGlobals) = postSolution
		SolutionGuid = {3357F1F1-4C77-4F3E-8B02-A8897D1F34C8}
	EndGlobalSection
EndGlobal
